
Microsoft Visual Studio Solution File, Format Version 12.00
# Visual Studio Version 16
VisualStudioVersion = 16.0.31019.35
MinimumVisualStudioVersion = 10.0.40219.1
Project("{9A19103F-16F7-4668-BE54-9A1E7A4F7556}") = "WebApi_Checklist", "WebApi_Checklist\WebApi_Checklist.csproj", "{01F23C0B-A5F1-42F3-A5EF-F79F5EA2992A}"
EndProject
Project("{FAE04EC0-301F-11D3-BF4B-00C04F79EFBC}") = "FrontEnd_Checklist", "FrontEnd_Checklist\FrontEnd_Checklist.csproj", "{99FFB7A6-E11F-404C-85BE-8B602705236D}"
EndProject
Global
	GlobalSection(SolutionConfigurationPlatforms) = preSolution
		Debug|Any CPU = Debug|Any CPU
		Release|Any CPU = Release|Any CPU
	EndGlobalSection
	GlobalSection(ProjectConfigurationPlatforms) = postSolution
		{01F23C0B-A5F1-42F3-A5EF-F79F5EA2992A}.Debug|Any CPU.ActiveCfg = Debug|Any CPU
		{01F23C0B-A5F1-42F3-A5EF-F79F5EA2992A}.Debug|Any CPU.Build.0 = Debug|Any CPU
		{01F23C0B-A5F1-42F3-A5EF-F79F5EA2992A}.Release|Any CPU.ActiveCfg = Release|Any CPU
		{01F23C0B-A5F1-42F3-A5EF-F79F5EA2992A}.Release|Any CPU.Build.0 = Release|Any CPU
		{99FFB7A6-E11F-404C-85BE-8B602705236D}.Debug|Any CPU.ActiveCfg = Debug|Any CPU
		{99FFB7A6-E11F-404C-85BE-8B602705236D}.Debug|Any CPU.Build.0 = Debug|Any CPU
		{99FFB7A6-E11F-404C-85BE-8B602705236D}.Release|Any CPU.ActiveCfg = Release|Any CPU
		{99FFB7A6-E11F-404C-85BE-8B602705236D}.Release|Any CPU.Build.0 = Release|Any CPU
	EndGlobalSection
	GlobalSection(SolutionProperties) = preSolution
		HideSolutionNode = FALSE
	EndGlobalSection
	GlobalSection(ExtensibilityGlobals) = postSolution
		SolutionGuid = {CFDA6E25-E22B-489B-9426-D166D9EA3238}
	EndGlobalSection
EndGlobal
